
Microsoft Visual Studio Solution File, Format Version 12.00
# Visual Studio Version 16
VisualStudioVersion = 16.0.30907.101
MinimumVisualStudioVersion = 10.0.40219.1
Project("{FAE04EC0-301F-11D3-BF4B-00C04F79EFBC}") = "MvcMovie3", "MvcMovie3.csproj", "{23749694-78E3-483E-9EB7-DFDC272D6E0C}"
EndProject
Global
	GlobalSection(SolutionConfigurationPlatforms) = preSolution
		Debug|Any CPU = Debug|Any CPU
		Release|Any CPU = Release|Any CPU
	EndGlobalSection
	GlobalSection(ProjectConfigurationPlatforms) = postSolution
		{23749694-78E3-483E-9EB7-DFDC272D6E0C}.Debug|Any CPU.ActiveCfg = Debug|Any CPU
		{23749694-78E3-483E-9EB7-DFDC272D6E0C}.Debug|Any CPU.Build.0 = Debug|Any CPU
		{23749694-78E3-483E-9EB7-DFDC272D6E0C}.Release|Any CPU.ActiveCfg = Release|Any CPU
		{23749694-78E3-483E-9EB7-DFDC272D6E0C}.Release|Any CPU.Build.0 = Release|Any CPU
	EndGlobalSection
	GlobalSection(SolutionProperties) = preSolution
		HideSolutionNode = FALSE
	EndGlobalSection
	GlobalSection(ExtensibilityGlobals) = postSolution
		SolutionGuid = {B2D470D1-2E19-44A0-93CB-06A5DAA831C5}
	EndGlobalSection
EndGlobal
